Microsoft Visual Studio Solution File, Format Version 11.00
# Visual Studio 2008

Project("{66E5EB8E-54AA-59E1-A9D7-69250F616A8F}") = "TestRTMicUnity", "Assembly-CSharp-vs.csproj", "{74219C6E-3BDC-24BD-ECB1-F866F5C4E762}"
EndProject
Project("{66E5EB8E-54AA-59E1-A9D7-69250F616A8F}") = "TestRTMicUnity", "Assembly-CSharp-Editor-vs.csproj", "{55CC65D8-4378-1DEC-1E2D-B5C0089091C7}"
EndProject
Global
	GlobalSection(SolutionConfigurationPlatforms) = preSolution
		Debug|Any CPU = Debug|Any CPU
		Release|Any CPU = Release|Any CPU
	EndGlobalSection
	GlobalSection(ProjectConfigurationPlatforms) = postSolution
		{74219C6E-3BDC-24BD-ECB1-F866F5C4E762}.Debug|Any CPU.ActiveCfg = Debug|Any CPU
		{74219C6E-3BDC-24BD-ECB1-F866F5C4E762}.Debug|Any CPU.Build.0 = Debug|Any CPU
		{74219C6E-3BDC-24BD-ECB1-F866F5C4E762}.Release|Any CPU.ActiveCfg = Release|Any CPU
		{74219C6E-3BDC-24BD-ECB1-F866F5C4E762}.Release|Any CPU.Build.0 = Release|Any CPU
		{55CC65D8-4378-1DEC-1E2D-B5C0089091C7}.Debug|Any CPU.ActiveCfg = Debug|Any CPU
		{55CC65D8-4378-1DEC-1E2D-B5C0089091C7}.Debug|Any CPU.Build.0 = Debug|Any CPU
		{55CC65D8-4378-1DEC-1E2D-B5C0089091C7}.Release|Any CPU.ActiveCfg = Release|Any CPU
		{55CC65D8-4378-1DEC-1E2D-B5C0089091C7}.Release|Any CPU.Build.0 = Release|Any CPU
	EndGlobalSection
	GlobalSection(SolutionProperties) = preSolution
		HideSolutionNode = FALSE
	EndGlobalSection
																																																																																																						GlobalSection(MonoDevelopProperties) = preSolution
		StartupItem = Assembly-CSharp.csproj
		Policies = $0
		$0.TextStylePolicy = $1
		$1.inheritsSet = null
		$1.scope = text/x-csharp
		$0.CSharpFormattingPolicy = $2
		$2.inheritsSet = Mono
		$2.inheritsScope = text/x-csharp
		$2.scope = text/x-csharp
		$0.TextStylePolicy = $3
		$3.FileWidth = 120
		$3.TabWidth = 4
		$3.IndentWidth = 4
		$3.EolMarker = Unix
		$3.inheritsSet = Mono
		$3.inheritsScope = text/plain
		$3.scope = text/plain
	EndGlobalSection

EndGlobal
